Microsoft Visual Studio Solution File, Format Version 11.00
# Visual Studio 2008

Project("{454C84D5-11CC-811D-C460-DDA1FEE87071}") = "VRoom_Project", "Assembly-CSharp-firstpass.csproj", "{DFD5C016-8DCB-2815-0CA4-48C9735B48CF}"
EndProject
Project("{454C84D5-11CC-811D-C460-DDA1FEE87071}") = "VRoom_Project", "Assembly-CSharp.csproj", "{9C9E47F4-259E-7690-1514-394CAEB96178}"
EndProject
Project("{454C84D5-11CC-811D-C460-DDA1FEE87071}") = "VRoom_Project", "Assembly-CSharp-Editor.csproj", "{AF957E56-208D-6AAE-5D58-6FE70C7B3A79}"
EndProject
Global
	GlobalSection(SolutionConfigurationPlatforms) = preSolution
		Debug|Any CPU = Debug|Any CPU
		Release|Any CPU = Release|Any CPU
	EndGlobalSection
	GlobalSection(ProjectConfigurationPlatforms) = postSolution
		{DFD5C016-8DCB-2815-0CA4-48C9735B48CF}.Debug|Any CPU.ActiveCfg = Debug|Any CPU
		{DFD5C016-8DCB-2815-0CA4-48C9735B48CF}.Debug|Any CPU.Build.0 = Debug|Any CPU
		{DFD5C016-8DCB-2815-0CA4-48C9735B48CF}.Release|Any CPU.ActiveCfg = Release|Any CPU
		{DFD5C016-8DCB-2815-0CA4-48C9735B48CF}.Release|Any CPU.Build.0 = Release|Any CPU
		{9C9E47F4-259E-7690-1514-394CAEB96178}.Debug|Any CPU.ActiveCfg = Debug|Any CPU
		{9C9E47F4-259E-7690-1514-394CAEB96178}.Debug|Any CPU.Build.0 = Debug|Any CPU
		{9C9E47F4-259E-7690-1514-394CAEB96178}.Release|Any CPU.ActiveCfg = Release|Any CPU
		{9C9E47F4-259E-7690-1514-394CAEB96178}.Release|Any CPU.Build.0 = Release|Any CPU
		{AF957E56-208D-6AAE-5D58-6FE70C7B3A79}.Debug|Any CPU.ActiveCfg = Debug|Any CPU
		{AF957E56-208D-6AAE-5D58-6FE70C7B3A79}.Debug|Any CPU.Build.0 = Debug|Any CPU
		{AF957E56-208D-6AAE-5D58-6FE70C7B3A79}.Release|Any CPU.ActiveCfg = Release|Any CPU
		{AF957E56-208D-6AAE-5D58-6FE70C7B3A79}.Release|Any CPU.Build.0 = Release|Any CPU
	EndGlobalSection
	GlobalSection(SolutionProperties) = preSolution
		HideSolutionNode = FALSE
	EndGlobalSection
	GlobalSection(MonoDevelopProperties) = preSolution
		StartupItem = Assembly-CSharp.csproj
	EndGlobalSection
EndGlobal
